
Microsoft Visual Studio Solution File, Format Version 12.00
# Visual Studio Version 17
VisualStudioVersion = 17.5.002.0
MinimumVisualStudioVersion = 10.0.40219.1
Project("{9A19103F-16F7-4668-BE54-9A1E7A4F7556}") = "csharp-temperature", "csharp-temperature.csproj", "{C49472D2-651C-49AE-A8BC-F8ECABE444E7}"
EndProject
Global
	GlobalSection(SolutionConfigurationPlatforms) = preSolution
		Debug|Any CPU = Debug|Any CPU
		Release|Any CPU = Release|Any CPU
	EndGlobalSection
	GlobalSection(ProjectConfigurationPlatforms) = postSolution
		{C49472D2-651C-49AE-A8BC-F8ECABE444E7}.Debug|Any CPU.ActiveCfg = Debug|Any CPU
		{C49472D2-651C-49AE-A8BC-F8ECABE444E7}.Debug|Any CPU.Build.0 = Debug|Any CPU
		{C49472D2-651C-49AE-A8BC-F8ECABE444E7}.Release|Any CPU.ActiveCfg = Release|Any CPU
		{C49472D2-651C-49AE-A8BC-F8ECABE444E7}.Release|Any CPU.Build.0 = Release|Any CPU
	EndGlobalSection
	GlobalSection(SolutionProperties) = preSolution
		HideSolutionNode = FALSE
	EndGlobalSection
	GlobalSection(ExtensibilityGlobals) = postSolution
		SolutionGuid = {C9E1B69F-3740-4F26-BD35-BEFDF9EC5725}
	EndGlobalSection
EndGlobal
